
Microsoft Visual Studio Solution File, Format Version 12.00
# Visual Studio Version 17
VisualStudioVersion = 17.7.34024.191
MinimumVisualStudioVersion = 10.0.40219.1
Project("{FAE04EC0-301F-11D3-BF4B-00C04F79EFBC}") = "Movies", "Movies\Movies.csproj", "{58F5988C-CE69-4EE3-8C3A-DAC7B26348AA}"
EndProject
Global
	GlobalSection(SolutionConfigurationPlatforms) = preSolution
		Debug|Any CPU = Debug|Any CPU
		Release|Any CPU = Release|Any CPU
	EndGlobalSection
	GlobalSection(ProjectConfigurationPlatforms) = postSolution
		{58F5988C-CE69-4EE3-8C3A-DAC7B26348AA}.Debug|Any CPU.ActiveCfg = Debug|Any CPU
		{58F5988C-CE69-4EE3-8C3A-DAC7B26348AA}.Debug|Any CPU.Build.0 = Debug|Any CPU
		{58F5988C-CE69-4EE3-8C3A-DAC7B26348AA}.Release|Any CPU.ActiveCfg = Release|Any CPU
		{58F5988C-CE69-4EE3-8C3A-DAC7B26348AA}.Release|Any CPU.Build.0 = Release|Any CPU
	EndGlobalSection
	GlobalSection(SolutionProperties) = preSolution
		HideSolutionNode = FALSE
	EndGlobalSection
	GlobalSection(ExtensibilityGlobals) = postSolution
		SolutionGuid = {14FF6F66-F038-4C67-972D-76FC985A9892}
	EndGlobalSection
EndGlobal
